<?xml version="1.0" encoding="utf-8"?>
<Project ToolsVersion="4.0" xmlns="http://schemas.microsoft.com/developer/msbuild/2003">
  <ItemGroup>
    <Filter Include="Source Files">
      <UniqueIdentifier>{4FC737F1-C7A5-4376-A066-2A32D752A2FF}</UniqueIdentifier>
      <Extensions>qml;cpp;c;cc;cxx;def;odl;idl;hpj;bat;asm;asmx</Extensions>
    </Filter>
    <Filter Include="Header Files">
      <UniqueIdentifier>{93995380-89BD-4b04-88EB-625FBE52EBFB}</UniqueIdentifier>
      <Extensions>h;hh;hpp;hxx;hm;inl;inc;xsd</Extensions>
    </Filter>
    <Filter Include="Resource Files">
      <UniqueIdentifier>{67DA6AB6-F800-4c08-8B7A-83BB121AAD01}</UniqueIdentifier>
      <Extensions>qrc;rc;ico;cur;bmp;dlg;rc2;rct;bin;rgs;gif;jpg;jpeg;jpe;resx;tiff;tif;png;wav;mfcribbon-ms</Extensions>
    </Filter>
    <Filter Include="Form Files">
      <UniqueIdentifier>{99349809-55BA-4b9d-BF79-8FDBB0286EB3}</UniqueIdentifier>
      <Extensions>ui</Extensions>
    </Filter>
    <Filter Include="Translation Files">
      <UniqueIdentifier>{639EADAA-A684-42e4-A9AD-28FC9BCB8F7C}</UniqueIdentifier>
      <Extensions>ts</Extensions>
    </Filter>
    <Filter Include="Header Files\Qt Widgets">
      <UniqueIdentifier>{902ac7df-e551-4fa9-8aab-d5c4bdce9edd}</UniqueIdentifier>
    </Filter>
    <Filter Include="Header Files\OpenGL Abstractions">
      <UniqueIdentifier>{10c9bd98-9fa8-4918-afd2-ea75ba185153}</UniqueIdentifier>
    </Filter>
    <Filter Include="Header Files\Utils">
      <UniqueIdentifier>{ce0949e4-674d-4e45-8a8f-bbcefeedce3b}</UniqueIdentifier>
    </Filter>
    <Filter Include="Source Files\OpenGL Abstractions">
      <UniqueIdentifier>{540b050a-a5e3-42e4-92fa-71352a067f4f}</UniqueIdentifier>
    </Filter>
    <Filter Include="Source Files\Qt Widgets">
      <UniqueIdentifier>{1d6b02e9-c670-43ed-a367-a56924bb1a90}</UniqueIdentifier>
    </Filter>
    <Filter Include="Source Files\Utils">
      <UniqueIdentifier>{602fc1ed-84a6-4d4a-ad71-5e7415d8d429}</UniqueIdentifier>
    </Filter>
  </ItemGroup>
  <ItemGroup>
    <QtRcc Include="mainwindow.qrc">
      <Filter>Resource Files</Filter>
    </QtRcc>
    <QtUic Include="mainwindow.ui">
      <Filter>Form Files</Filter>
    </QtUic>
  </ItemGroup>
  <ItemGroup>
    <ClCompile Include="main.cpp">
      <Filter>Source Files</Filter>
    </ClCompile>
    <ClCompile Include="camera.cpp">
      <Filter>Source Files\OpenGL Abstractions</Filter>
    </ClCompile>
    <ClCompile Include="ebo.cpp">
      <Filter>Source Files\OpenGL Abstractions</Filter>
    </ClCompile>
    <ClCompile Include="mesh.cpp">
      <Filter>Source Files\OpenGL Abstractions</Filter>
    </ClCompile>
    <ClCompile Include="model.cpp">
      <Filter>Source Files\OpenGL Abstractions</Filter>
    </ClCompile>
    <ClCompile Include="renderable.cpp">
      <Filter>Source Files\OpenGL Abstractions</Filter>
    </ClCompile>
    <ClCompile Include="shader.cpp">
      <Filter>Source Files\OpenGL Abstractions</Filter>
    </ClCompile>
    <ClCompile Include="texture.cpp">
      <Filter>Source Files\OpenGL Abstractions</Filter>
    </ClCompile>
    <ClCompile Include="vao.cpp">
      <Filter>Source Files\OpenGL Abstractions</Filter>
    </ClCompile>
    <ClCompile Include="vbo.cpp">
      <Filter>Source Files\OpenGL Abstractions</Filter>
    </ClCompile>
    <ClCompile Include="vertex.cpp">
      <Filter>Source Files\OpenGL Abstractions</Filter>
    </ClCompile>
    <ClCompile Include="mainwindow.cpp">
      <Filter>Source Files\Qt Widgets</Filter>
    </ClCompile>
    <ClCompile Include="sceneviewer.cpp">
      <Filter>Source Files\Qt Widgets</Filter>
    </ClCompile>
    <ClCompile Include="modelselector.cpp">
      <Filter>Source Files\Qt Widgets</Filter>
    </ClCompile>
    <ClCompile Include="modelselectable.cpp">
      <Filter>Source Files\Qt Widgets</Filter>
    </ClCompile>
    <ClCompile Include="modelsetter.cpp">
      <Filter>Source Files\Qt Widgets</Filter>
    </ClCompile>
    <ClCompile Include="logger.cpp">
      <Filter>Source Files\Utils</Filter>
    </ClCompile>
    <ClCompile Include="skybox.cpp">
      <Filter>Source Files\OpenGL Abstractions</Filter>
    </ClCompile>
  </ItemGroup>
  <ItemGroup>
    <ClInclude Include="camera.h">
      <Filter>Header Files\OpenGL Abstractions</Filter>
    </ClInclude>
    <ClInclude Include="model.h">
      <Filter>Header Files\OpenGL Abstractions</Filter>
    </ClInclude>
    <ClInclude Include="renderable.h">
      <Filter>Header Files\OpenGL Abstractions</Filter>
    </ClInclude>
    <ClInclude Include="shader.h">
      <Filter>Header Files\OpenGL Abstractions</Filter>
    </ClInclude>
    <ClInclude Include="mesh.h">
      <Filter>Header Files\OpenGL Abstractions</Filter>
    </ClInclude>
    <ClInclude Include="modelselector.h">
      <Filter>Header Files\Qt Widgets</Filter>
    </ClInclude>
    <ClInclude Include="modelsetter.h">
      <Filter>Header Files\Qt Widgets</Filter>
    </ClInclude>
    <ClInclude Include="vertex.h">
      <Filter>Header Files\OpenGL Abstractions</Filter>
    </ClInclude>
    <ClInclude Include="texture.h">
      <Filter>Header Files\OpenGL Abstractions</Filter>
    </ClInclude>
    <ClInclude Include="vao.h">
      <Filter>Header Files\OpenGL Abstractions</Filter>
    </ClInclude>
    <ClInclude Include="vbo.h">
      <Filter>Header Files\OpenGL Abstractions</Filter>
    </ClInclude>
    <ClInclude Include="ebo.h">
      <Filter>Header Files\OpenGL Abstractions</Filter>
    </ClInclude>
    <ClInclude Include="utils.h">
      <Filter>Header Files\Utils</Filter>
    </ClInclude>
    <ClInclude Include="modelselectable.h">
      <Filter>Header Files\Qt Widgets</Filter>
    </ClInclude>
    <ClInclude Include="logger.h">
      <Filter>Header Files\Utils</Filter>
    </ClInclude>
    <ClInclude Include="skybox.h">
      <Filter>Header Files\OpenGL Abstractions</Filter>
    </ClInclude>
  </ItemGroup>
  <ItemGroup>
    <QtMoc Include="sceneviewer.h">
      <Filter>Header Files\Qt Widgets</Filter>
    </QtMoc>
    <QtMoc Include="mainwindow.h">
      <Filter>Header Files\Qt Widgets</Filter>
    </QtMoc>
  </ItemGroup>
  <ItemGroup>
    <None Include="fragmentshader.fs">
      <Filter>Resource Files</Filter>
    </None>
    <None Include="vertexshader.vs">
      <Filter>Resource Files</Filter>
    </None>
  </ItemGroup>
</Project>