<?xml version="1.0" encoding="utf-8"?>
<Project ToolsVersion="4.0" xmlns="http://schemas.microsoft.com/developer/msbuild/2003">
  <ItemGroup>
    <Filter Include="Source Files">
      <UniqueIdentifier>{4FC737F1-C7A5-4376-A066-2A32D752A2FF}</UniqueIdentifier>
      <Extensions>qml;cpp;c;cc;cxx;def;odl;idl;hpj;bat;asm;asmx</Extensions>
    </Filter>
    <Filter Include="Header Files">
      <UniqueIdentifier>{93995380-89BD-4b04-88EB-625FBE52EBFB}</UniqueIdentifier>
      <Extensions>h;hh;hpp;hxx;hm;inl;inc;xsd</Extensions>
    </Filter>
    <Filter Include="Resource Files">
      <UniqueIdentifier>{67DA6AB6-F800-4c08-8B7A-83BB121AAD01}</UniqueIdentifier>
      <Extensions>qrc;rc;ico;cur;bmp;dlg;rc2;rct;bin;rgs;gif;jpg;jpeg;jpe;resx;tiff;tif;png;wav;mfcribbon-ms</Extensions>
    </Filter>
    <Filter Include="Translation Files">
      <UniqueIdentifier>{639EADAA-A684-42e4-A9AD-28FC9BCB8F7C}</UniqueIdentifier>
      <Extensions>ts</Extensions>
    </Filter>
    <Filter Include="Header Files\Qt Widgets">
      <UniqueIdentifier>{902ac7df-e551-4fa9-8aab-d5c4bdce9edd}</UniqueIdentifier>
    </Filter>
    <Filter Include="Header Files\OpenGL Abstractions">
      <UniqueIdentifier>{10c9bd98-9fa8-4918-afd2-ea75ba185153}</UniqueIdentifier>
    </Filter>
    <Filter Include="Header Files\Utils">
      <UniqueIdentifier>{ce0949e4-674d-4e45-8a8f-bbcefeedce3b}</UniqueIdentifier>
    </Filter>
    <Filter Include="Source Files\OpenGL Abstractions">
      <UniqueIdentifier>{540b050a-a5e3-42e4-92fa-71352a067f4f}</UniqueIdentifier>
    </Filter>
    <Filter Include="Source Files\Qt Widgets">
      <UniqueIdentifier>{1d6b02e9-c670-43ed-a367-a56924bb1a90}</UniqueIdentifier>
    </Filter>
    <Filter Include="Source Files\Utils">
      <UniqueIdentifier>{602fc1ed-84a6-4d4a-ad71-5e7415d8d429}</UniqueIdentifier>
    </Filter>
    <Filter Include="Header Files\Qt Widgets\Pages">
      <UniqueIdentifier>{dd0c6d73-36ab-44ac-9780-4c378faa5774}</UniqueIdentifier>
    </Filter>
    <Filter Include="Header Files\Qt Widgets\Pages\Scene Editor">
      <UniqueIdentifier>{d0eeae28-809f-4e8e-b1e0-d5d7c5cca3e7}</UniqueIdentifier>
    </Filter>
    <Filter Include="Source Files\Qt Widgets\Pages">
      <UniqueIdentifier>{0ee9dd70-07d0-44ec-9cb5-37478f6d9ede}</UniqueIdentifier>
    </Filter>
    <Filter Include="Source Files\Qt Widgets\Pages\Scene Editor">
      <UniqueIdentifier>{c6368565-9e0a-487b-953c-6c4bc9e3f655}</UniqueIdentifier>
    </Filter>
    <Filter Include="Header Files\Qt Widgets\Pages\About Page">
      <UniqueIdentifier>{2ce6e2ec-f0bf-4d49-8b11-cdf0f31693c5}</UniqueIdentifier>
    </Filter>
    <Filter Include="Source Files\Qt Widgets\Pages\About Page">
      <UniqueIdentifier>{f8b17ddd-9689-45cc-84a1-5c321b0290b0}</UniqueIdentifier>
    </Filter>
    <Filter Include="Header Files\Qt Widgets\GUI Components">
      <UniqueIdentifier>{469e46b8-328a-474b-bf82-19c86b980e82}</UniqueIdentifier>
    </Filter>
    <Filter Include="Source Files\Qt Widgets\GUI Components">
      <UniqueIdentifier>{1351d841-7665-48d3-9850-da0738823396}</UniqueIdentifier>
    </Filter>
    <Filter Include="Source Files\Qt Widgets\Pages\Scene Editor\Object Selector">
      <UniqueIdentifier>{5e6e1e89-1c77-4a89-92cc-d64ea2546961}</UniqueIdentifier>
    </Filter>
    <Filter Include="Source Files\Qt Widgets\Pages\Scene Editor\Object Setter">
      <UniqueIdentifier>{d2b9abbc-ef10-4990-96a1-a88f9c217dcf}</UniqueIdentifier>
    </Filter>
    <Filter Include="Source Files\Qt Widgets\Pages\Scene Editor\Scene Viewer">
      <UniqueIdentifier>{d6a38868-baed-45d5-9cbf-3faa3b563fa9}</UniqueIdentifier>
    </Filter>
    <Filter Include="Header Files\Qt Widgets\Pages\Scene Editor\Scene Viewer">
      <UniqueIdentifier>{4b5e61f5-3dfe-44d7-bfcc-cf5b70528b16}</UniqueIdentifier>
    </Filter>
    <Filter Include="Header Files\Qt Widgets\Pages\Scene Editor\Object Selector">
      <UniqueIdentifier>{995296ff-ac0c-4996-9692-c0e017e5fc03}</UniqueIdentifier>
    </Filter>
    <Filter Include="Header Files\Qt Widgets\Pages\Scene Editor\Object Setter">
      <UniqueIdentifier>{6c5ac0df-26ad-40ad-860c-3d0372b81094}</UniqueIdentifier>
    </Filter>
  </ItemGroup>
  <ItemGroup>
    <QtRcc Include="mainwindow.qrc">
      <Filter>Resource Files</Filter>
    </QtRcc>
  </ItemGroup>
  <ItemGroup>
    <ClCompile Include="main.cpp">
      <Filter>Source Files</Filter>
    </ClCompile>
    <ClCompile Include="camera.cpp">
      <Filter>Source Files\OpenGL Abstractions</Filter>
    </ClCompile>
    <ClCompile Include="ebo.cpp">
      <Filter>Source Files\OpenGL Abstractions</Filter>
    </ClCompile>
    <ClCompile Include="mesh.cpp">
      <Filter>Source Files\OpenGL Abstractions</Filter>
    </ClCompile>
    <ClCompile Include="model.cpp">
      <Filter>Source Files\OpenGL Abstractions</Filter>
    </ClCompile>
    <ClCompile Include="renderable.cpp">
      <Filter>Source Files\OpenGL Abstractions</Filter>
    </ClCompile>
    <ClCompile Include="shader.cpp">
      <Filter>Source Files\OpenGL Abstractions</Filter>
    </ClCompile>
    <ClCompile Include="texture.cpp">
      <Filter>Source Files\OpenGL Abstractions</Filter>
    </ClCompile>
    <ClCompile Include="vao.cpp">
      <Filter>Source Files\OpenGL Abstractions</Filter>
    </ClCompile>
    <ClCompile Include="vbo.cpp">
      <Filter>Source Files\OpenGL Abstractions</Filter>
    </ClCompile>
    <ClCompile Include="vertex.cpp">
      <Filter>Source Files\OpenGL Abstractions</Filter>
    </ClCompile>
    <ClCompile Include="mainwindow.cpp">
      <Filter>Source Files\Qt Widgets</Filter>
    </ClCompile>
    <ClCompile Include="logger.cpp">
      <Filter>Source Files\Utils</Filter>
    </ClCompile>
    <ClCompile Include="editorpage.cpp">
      <Filter>Source Files\Qt Widgets\Pages\Scene Editor</Filter>
    </ClCompile>
    <ClCompile Include="framelesswindow.cpp">
      <Filter>Source Files\Qt Widgets\GUI Components</Filter>
    </ClCompile>
    <ClCompile Include="pushbutton.cpp">
      <Filter>Source Files\Qt Widgets\GUI Components</Filter>
    </ClCompile>
    <ClCompile Include="scrolllistwidget.cpp">
      <Filter>Source Files\Qt Widgets\GUI Components</Filter>
    </ClCompile>
    <ClCompile Include="sidebar.cpp">
      <Filter>Source Files\Qt Widgets\GUI Components</Filter>
    </ClCompile>
    <ClCompile Include="pagewidget.cpp">
      <Filter>Source Files\Qt Widgets\GUI Components</Filter>
    </ClCompile>
    <ClCompile Include="roundedcornerwidget.cpp">
      <Filter>Source Files\Qt Widgets\GUI Components</Filter>
    </ClCompile>
    <ClCompile Include="aboutpage.cpp">
      <Filter>Source Files\Qt Widgets\Pages\About Page</Filter>
    </ClCompile>
    <ClCompile Include="lineeditwidget.cpp">
      <Filter>Source Files\Qt Widgets\GUI Components</Filter>
    </ClCompile>
    <ClCompile Include="modelselector.cpp">
      <Filter>Source Files\Qt Widgets\Pages\Scene Editor\Object Selector</Filter>
    </ClCompile>
    <ClCompile Include="modelselectable.cpp">
      <Filter>Source Files\Qt Widgets\Pages\Scene Editor\Object Selector</Filter>
    </ClCompile>
    <ClCompile Include="modelsetter.cpp">
      <Filter>Source Files\Qt Widgets\Pages\Scene Editor\Object Setter</Filter>
    </ClCompile>
    <ClCompile Include="sceneviewer.cpp">
      <Filter>Source Files\Qt Widgets\Pages\Scene Editor\Scene Viewer</Filter>
    </ClCompile>
    <ClCompile Include="modelthumbnailwidget.cpp">
      <Filter>Source Files\Qt Widgets\Pages\Scene Editor\Object Selector</Filter>
    </ClCompile>
    <ClCompile Include="illuminer.cpp">
      <Filter>Source Files\OpenGL Abstractions</Filter>
    </ClCompile>
  </ItemGroup>
  <ItemGroup>
    <ClInclude Include="camera.h">
      <Filter>Header Files\OpenGL Abstractions</Filter>
    </ClInclude>
    <ClInclude Include="model.h">
      <Filter>Header Files\OpenGL Abstractions</Filter>
    </ClInclude>
    <ClInclude Include="renderable.h">
      <Filter>Header Files\OpenGL Abstractions</Filter>
    </ClInclude>
    <ClInclude Include="shader.h">
      <Filter>Header Files\OpenGL Abstractions</Filter>
    </ClInclude>
    <ClInclude Include="mesh.h">
      <Filter>Header Files\OpenGL Abstractions</Filter>
    </ClInclude>
    <ClInclude Include="vertex.h">
      <Filter>Header Files\OpenGL Abstractions</Filter>
    </ClInclude>
    <ClInclude Include="texture.h">
      <Filter>Header Files\OpenGL Abstractions</Filter>
    </ClInclude>
    <ClInclude Include="vao.h">
      <Filter>Header Files\OpenGL Abstractions</Filter>
    </ClInclude>
    <ClInclude Include="vbo.h">
      <Filter>Header Files\OpenGL Abstractions</Filter>
    </ClInclude>
    <ClInclude Include="ebo.h">
      <Filter>Header Files\OpenGL Abstractions</Filter>
    </ClInclude>
    <ClInclude Include="utils.h">
      <Filter>Header Files\Utils</Filter>
    </ClInclude>
    <ClInclude Include="logger.h">
      <Filter>Header Files\Utils</Filter>
    </ClInclude>
    <ClInclude Include="modelsetter.h">
      <Filter>Header Files\Qt Widgets\Pages\Scene Editor\Object Setter</Filter>
    </ClInclude>
    <ClInclude Include="illuminer.h">
      <Filter>Header Files\OpenGL Abstractions</Filter>
    </ClInclude>
  </ItemGroup>
  <ItemGroup>
    <QtMoc Include="mainwindow.h">
      <Filter>Header Files\Qt Widgets</Filter>
    </QtMoc>
    <QtMoc Include="framelesswindow.h">
      <Filter>Header Files\Qt Widgets\GUI Components</Filter>
    </QtMoc>
    <QtMoc Include="pushbutton.h">
      <Filter>Header Files\Qt Widgets\GUI Components</Filter>
    </QtMoc>
    <QtMoc Include="pagewidget.h">
      <Filter>Header Files\Qt Widgets\GUI Components</Filter>
    </QtMoc>
    <QtMoc Include="sidebar.h">
      <Filter>Header Files\Qt Widgets\GUI Components</Filter>
    </QtMoc>
    <QtMoc Include="editorpage.h">
      <Filter>Header Files\Qt Widgets\Pages\Scene Editor</Filter>
    </QtMoc>
    <QtMoc Include="roundedcornerwidget.h">
      <Filter>Header Files\Qt Widgets\GUI Components</Filter>
    </QtMoc>
    <QtMoc Include="aboutpage.h">
      <Filter>Header Files\Qt Widgets\Pages\About Page</Filter>
    </QtMoc>
    <QtMoc Include="lineeditwidget.h">
      <Filter>Header Files\Qt Widgets\GUI Components</Filter>
    </QtMoc>
    <QtMoc Include="scrolllistwidget.h">
      <Filter>Header Files\Qt Widgets\GUI Components</Filter>
    </QtMoc>
    <QtMoc Include="sceneviewer.h">
      <Filter>Header Files\Qt Widgets\Pages\Scene Editor\Scene Viewer</Filter>
    </QtMoc>
    <QtMoc Include="modelselector.h">
      <Filter>Header Files\Qt Widgets\Pages\Scene Editor\Object Selector</Filter>
    </QtMoc>
    <QtMoc Include="modelselectable.h">
      <Filter>Header Files\Qt Widgets\Pages\Scene Editor\Object Selector</Filter>
    </QtMoc>
    <QtMoc Include="modelthumbnailwidget.h">
      <Filter>Header Files\Qt Widgets\Pages\Scene Editor\Object Selector</Filter>
    </QtMoc>
  </ItemGroup>
  <ItemGroup>
    <None Include="fragmentshader.glsl">
      <Filter>Resource Files</Filter>
    </None>
    <None Include="vertexshader.glsl">
      <Filter>Resource Files</Filter>
    </None>
  </ItemGroup>
</Project>